{
  "version": 4,
  "terraform_version": "1.4.5",
  "serial": 57,
  "lineage": "a1a4e951-0533-5f7a-0ec8-b7f6be69929d",
  "outputs": {},
  "resources": [
    {
      "mode": "data",
      "type": "template_file",
      "name": "cloudinit",
      "provider": "provider[\"registry.terraform.io/hashicorp/template\"]",
      "instances": [
        {
          "schema_version": 0,
          "attributes": {
            "filename": null,
            "id": "7e184ccc3ea9420413f50c1e0f06383128dff494b8d280819eaa7f9843c02518",
            "rendered": "#cloud-config\nusers:\n  - name: ubuntu\n    groups: sudo\n    shell: /bin/bash\n    sudo: ['ALL=(ALL) NOPASSWD:ALL']\n    ssh-authorized-keys:\n      - ssh-rsa AAAAB3NzaC1yc2EAAAADAQABAAABgQDmFMtEeLWRKdTBuiirQ9UX1ON6XvrMLpWxwrm1yc8lS/SMv3I9RNYzAt2piFZqEPJyIKRO5YVhsTyo8OOMgS0eHPKxsMQ/StoUm6HLPjRSk8ap4cJwNbQT+YFFj2WeGrbnHY9U/n3JJ6bFxzv9K473nVv2YMbGGW1Oxu9xAGbgNnvOT1jNmwttBEaKx9bxufNl5Xrd0mGYTWwWU18HeWOFY2y4HXo2luOuk/CaWYKXfZqmvfGgVR6GUsBmDc7X76vJjpveCfGOgCSXsGc+kuNugW1hoY1zg2rMfBZZGGdS2Sg5uGn6G776mSzlz21dVPOUmgZUF2hRnzIK4ECwbvj6JEToyfVhUI6mQm1vDb8hjFUJfDi5qbfHrq2n75Dy4VlB3DZnd55lOUmAHvQpX+4lpscWS1RxeYe6jT0JeafXgtklhXB6ryCatT1HcB3TIxuGrhTkLsJWIv/L3/MxgvAxLFnBZHWLxMxa5UeQqCjC3DFADcOdfQJEKSZszhExUYs= shaman@banner\n\npackage_update: true\npackage_upgrade: false\npackages:\n  - vim\n  - nginx\n",
            "template": "#cloud-config\nusers:\n  - name: ubuntu\n    groups: sudo\n    shell: /bin/bash\n    sudo: ['ALL=(ALL) NOPASSWD:ALL']\n    ssh-authorized-keys:\n      - ${ssh_public_key}\npackage_update: true\npackage_upgrade: false\npackages:\n  - vim\n  - nginx\n",
            "vars": {
              "ssh_public_key": "ssh-rsa AAAAB3NzaC1yc2EAAAADAQABAAABgQDmFMtEeLWRKdTBuiirQ9UX1ON6XvrMLpWxwrm1yc8lS/SMv3I9RNYzAt2piFZqEPJyIKRO5YVhsTyo8OOMgS0eHPKxsMQ/StoUm6HLPjRSk8ap4cJwNbQT+YFFj2WeGrbnHY9U/n3JJ6bFxzv9K473nVv2YMbGGW1Oxu9xAGbgNnvOT1jNmwttBEaKx9bxufNl5Xrd0mGYTWwWU18HeWOFY2y4HXo2luOuk/CaWYKXfZqmvfGgVR6GUsBmDc7X76vJjpveCfGOgCSXsGc+kuNugW1hoY1zg2rMfBZZGGdS2Sg5uGn6G776mSzlz21dVPOUmgZUF2hRnzIK4ECwbvj6JEToyfVhUI6mQm1vDb8hjFUJfDi5qbfHrq2n75Dy4VlB3DZnd55lOUmAHvQpX+4lpscWS1RxeYe6jT0JeafXgtklhXB6ryCatT1HcB3TIxuGrhTkLsJWIv/L3/MxgvAxLFnBZHWLxMxa5UeQqCjC3DFADcOdfQJEKSZszhExUYs= shaman@banner\n"
            }
          },
          "sensitive_attributes": []
        }
      ]
    },
    {
      "module": "module.test-vm",
      "mode": "data",
      "type": "yandex_compute_image",
      "name": "my_image",
      "provider": "provider[\"registry.terraform.io/yandex-cloud/yandex\"]",
      "instances": [
        {
          "schema_version": 0,
          "attributes": {
            "created_at": "2023-09-25T10:53:36Z",
            "description": "ubuntu 20.04 lts",
            "family": "ubuntu-2004-lts",
            "folder_id": "standard-images",
            "id": "fd8o6khjbdv3f1suqf69",
            "image_id": "fd8o6khjbdv3f1suqf69",
            "labels": {},
            "min_disk_size": 5,
            "name": "ubuntu-20-04-lts-v20230925",
            "os_type": "linux",
            "pooled": true,
            "product_ids": [
              "f2ed6k5slaamr94lfdqu"
            ],
            "size": 4,
            "status": "ready"
          },
          "sensitive_attributes": []
        }
      ]
    },
    {
      "module": "module.test-vm",
      "mode": "managed",
      "type": "yandex_compute_instance",
      "name": "vm",
      "provider": "provider[\"registry.terraform.io/yandex-cloud/yandex\"]",
      "instances": [
        {
          "index_key": 0,
          "schema_version": 1,
          "attributes": {
            "allow_recreate": null,
            "allow_stopping_for_update": true,
            "boot_disk": [
              {
                "auto_delete": true,
                "device_name": "fhmrq5fv72vs844tb74r",
                "disk_id": "fhmrq5fv72vs844tb74r",
                "initialize_params": [
                  {
                    "block_size": 4096,
                    "description": "",
                    "image_id": "fd8o6khjbdv3f1suqf69",
                    "name": "",
                    "size": 10,
                    "snapshot_id": "",
                    "type": "network-hdd"
                  }
                ],
                "mode": "READ_WRITE"
              }
            ],
            "created_at": "2023-09-25T11:12:12Z",
            "description": "TODO: description; {{terraform managed}}",
            "filesystem": [],
            "folder_id": "b1gfsa2tbdkktui2b7qs",
            "fqdn": "develop-web-0.ru-central1.internal",
            "gpu_cluster_id": "",
            "hostname": "develop-web-0",
            "id": "fhmijvgfs5viutjgrf6g",
            "labels": {
              "env": "develop",
              "project": "undefined"
            },
            "local_disk": [],
            "metadata": {
              "serial-port-enable": "1",
              "user-data": "#cloud-config\nusers:\n  - name: ubuntu\n    groups: sudo\n    shell: /bin/bash\n    sudo: ['ALL=(ALL) NOPASSWD:ALL']\n    ssh-authorized-keys:\n      - ssh-rsa AAAAB3NzaC1yc2EAAAADAQABAAABgQDmFMtEeLWRKdTBuiirQ9UX1ON6XvrMLpWxwrm1yc8lS/SMv3I9RNYzAt2piFZqEPJyIKRO5YVhsTyo8OOMgS0eHPKxsMQ/StoUm6HLPjRSk8ap4cJwNbQT+YFFj2WeGrbnHY9U/n3JJ6bFxzv9K473nVv2YMbGGW1Oxu9xAGbgNnvOT1jNmwttBEaKx9bxufNl5Xrd0mGYTWwWU18HeWOFY2y4HXo2luOuk/CaWYKXfZqmvfGgVR6GUsBmDc7X76vJjpveCfGOgCSXsGc+kuNugW1hoY1zg2rMfBZZGGdS2Sg5uGn6G776mSzlz21dVPOUmgZUF2hRnzIK4ECwbvj6JEToyfVhUI6mQm1vDb8hjFUJfDi5qbfHrq2n75Dy4VlB3DZnd55lOUmAHvQpX+4lpscWS1RxeYe6jT0JeafXgtklhXB6ryCatT1HcB3TIxuGrhTkLsJWIv/L3/MxgvAxLFnBZHWLxMxa5UeQqCjC3DFADcOdfQJEKSZszhExUYs= shaman@banner\n\npackage_update: true\npackage_upgrade: false\npackages:\n  - vim\n  - nginx\n"
            },
            "metadata_options": [
              {
                "aws_v1_http_endpoint": 1,
                "aws_v1_http_token": 2,
                "gce_http_endpoint": 1,
                "gce_http_token": 1
              }
            ],
            "name": "develop-web-0",
            "network_acceleration_type": "standard",
            "network_interface": [
              {
                "dns_record": [],
                "index": 0,
                "ip_address": "10.0.1.28",
                "ipv4": true,
                "ipv6": false,
                "ipv6_address": "",
                "ipv6_dns_record": [],
                "mac_address": "d0:0d:12:9f:e0:fe",
                "nat": true,
                "nat_dns_record": [],
                "nat_ip_address": "158.160.60.245",
                "nat_ip_version": "IPV4",
                "security_group_ids": [],
                "subnet_id": "e9b45v2thomjt36ueis5"
              }
            ],
            "placement_policy": [
              {
                "host_affinity_rules": [],
                "placement_group_id": ""
              }
            ],
            "platform_id": "standard-v1",
            "resources": [
              {
                "core_fraction": 5,
                "cores": 2,
                "gpus": 0,
                "memory": 1
              }
            ],
            "scheduling_policy": [
              {
                "preemptible": true
              }
            ],
            "secondary_disk": [],
            "service_account_id": "",
            "status": "running",
            "timeouts": null,
            "zone": "ru-central1-a"
          },
          "sensitive_attributes": [],
          "private": "eyJlMmJmYjczMC1lY2FhLTExZTYtOGY4OC0zNDM2M2JjN2M0YzAiOnsiY3JlYXRlIjozMDAwMDAwMDAwMDAsImRlbGV0ZSI6MzAwMDAwMDAwMDAwLCJ1cGRhdGUiOjMwMDAwMDAwMDAwMH0sInNjaGVtYV92ZXJzaW9uIjoiMSJ9",
          "dependencies": [
            "data.template_file.cloudinit",
            "module.test-vm.data.yandex_compute_image.my_image",
            "module.vpc.yandex_vpc_network.net_name",
            "module.vpc.yandex_vpc_subnet.subnet_name"
          ]
        },
        {
          "index_key": 1,
          "schema_version": 1,
          "attributes": {
            "allow_recreate": null,
            "allow_stopping_for_update": true,
            "boot_disk": [
              {
                "auto_delete": true,
                "device_name": "fhm5r1656j8akuh85848",
                "disk_id": "fhm5r1656j8akuh85848",
                "initialize_params": [
                  {
                    "block_size": 4096,
                    "description": "",
                    "image_id": "fd8o6khjbdv3f1suqf69",
                    "name": "",
                    "size": 10,
                    "snapshot_id": "",
                    "type": "network-hdd"
                  }
                ],
                "mode": "READ_WRITE"
              }
            ],
            "created_at": "2023-09-25T11:12:13Z",
            "description": "TODO: description; {{terraform managed}}",
            "filesystem": [],
            "folder_id": "b1gfsa2tbdkktui2b7qs",
            "fqdn": "develop-web-1.ru-central1.internal",
            "gpu_cluster_id": "",
            "hostname": "develop-web-1",
            "id": "fhmo3a8fm05f7hp3fkh2",
            "labels": {
              "env": "develop",
              "project": "undefined"
            },
            "local_disk": [],
            "metadata": {
              "serial-port-enable": "1",
              "user-data": "#cloud-config\nusers:\n  - name: ubuntu\n    groups: sudo\n    shell: /bin/bash\n    sudo: ['ALL=(ALL) NOPASSWD:ALL']\n    ssh-authorized-keys:\n      - ssh-rsa AAAAB3NzaC1yc2EAAAADAQABAAABgQDmFMtEeLWRKdTBuiirQ9UX1ON6XvrMLpWxwrm1yc8lS/SMv3I9RNYzAt2piFZqEPJyIKRO5YVhsTyo8OOMgS0eHPKxsMQ/StoUm6HLPjRSk8ap4cJwNbQT+YFFj2WeGrbnHY9U/n3JJ6bFxzv9K473nVv2YMbGGW1Oxu9xAGbgNnvOT1jNmwttBEaKx9bxufNl5Xrd0mGYTWwWU18HeWOFY2y4HXo2luOuk/CaWYKXfZqmvfGgVR6GUsBmDc7X76vJjpveCfGOgCSXsGc+kuNugW1hoY1zg2rMfBZZGGdS2Sg5uGn6G776mSzlz21dVPOUmgZUF2hRnzIK4ECwbvj6JEToyfVhUI6mQm1vDb8hjFUJfDi5qbfHrq2n75Dy4VlB3DZnd55lOUmAHvQpX+4lpscWS1RxeYe6jT0JeafXgtklhXB6ryCatT1HcB3TIxuGrhTkLsJWIv/L3/MxgvAxLFnBZHWLxMxa5UeQqCjC3DFADcOdfQJEKSZszhExUYs= shaman@banner\n\npackage_update: true\npackage_upgrade: false\npackages:\n  - vim\n  - nginx\n"
            },
            "metadata_options": [
              {
                "aws_v1_http_endpoint": 1,
                "aws_v1_http_token": 2,
                "gce_http_endpoint": 1,
                "gce_http_token": 1
              }
            ],
            "name": "develop-web-1",
            "network_acceleration_type": "standard",
            "network_interface": [
              {
                "dns_record": [],
                "index": 0,
                "ip_address": "10.0.1.24",
                "ipv4": true,
                "ipv6": false,
                "ipv6_address": "",
                "ipv6_dns_record": [],
                "mac_address": "d0:0d:18:1a:90:fb",
                "nat": true,
                "nat_dns_record": [],
                "nat_ip_address": "158.160.51.7",
                "nat_ip_version": "IPV4",
                "security_group_ids": [],
                "subnet_id": "e9b45v2thomjt36ueis5"
              }
            ],
            "placement_policy": [
              {
                "host_affinity_rules": [],
                "placement_group_id": ""
              }
            ],
            "platform_id": "standard-v1",
            "resources": [
              {
                "core_fraction": 5,
                "cores": 2,
                "gpus": 0,
                "memory": 1
              }
            ],
            "scheduling_policy": [
              {
                "preemptible": true
              }
            ],
            "secondary_disk": [],
            "service_account_id": "",
            "status": "running",
            "timeouts": null,
            "zone": "ru-central1-a"
          },
          "sensitive_attributes": [],
          "private": "eyJlMmJmYjczMC1lY2FhLTExZTYtOGY4OC0zNDM2M2JjN2M0YzAiOnsiY3JlYXRlIjozMDAwMDAwMDAwMDAsImRlbGV0ZSI6MzAwMDAwMDAwMDAwLCJ1cGRhdGUiOjMwMDAwMDAwMDAwMH0sInNjaGVtYV92ZXJzaW9uIjoiMSJ9",
          "dependencies": [
            "data.template_file.cloudinit",
            "module.test-vm.data.yandex_compute_image.my_image",
            "module.vpc.yandex_vpc_network.net_name",
            "module.vpc.yandex_vpc_subnet.subnet_name"
          ]
        }
      ]
    }
  ],
  "check_results": null
}
